<?xml version="1.0" encoding="utf-8"?>
<Project ToolsVersion="4.0" xmlns="http://schemas.microsoft.com/developer/msbuild/2003">
  <ItemGroup>
    <Xml Include="Assets\Object.xml" />
    <Xml Include="Assets\Assets.xml" />
    <Xml Include="Assets\AssetsLevel2.xml" />
    <Xml Include="Assets\ObjectLevel2.xml" />
  </ItemGroup>
  <ItemGroup>
    <ClCompile Include="Source\main.cpp" />
    <ClCompile Include="Source\Engine.cpp" />
    <ClCompile Include="Source\Input.cpp" />
    <ClCompile Include="Source\Component.cpp" />
    <ClCompile Include="Source\GameObject.cpp" />
    <ClCompile Include="Source\Textures.cpp" />
    <ClCompile Include="Source\SpriteComponent.cpp" />
    <ClCompile Include="Source\ComponentFactory.cpp" />
    <ClCompile Include="Source\BodyComponent.cpp" />
    <ClCompile Include="Source\ControllerComponent.cpp" />
    <ClCompile Include="Source\SuperSpeedComponent.cpp" />
    <ClCompile Include="Source\JumpComponent.cpp" />
    <ClCompile Include="Source\View.cpp" />
    <ClCompile Include="Source\CameraFollowerComponent.cpp" />
    <ClCompile Include="Source\DamageComponent.cpp" />
    <ClCompile Include="Source\spawnComponent.cpp" />
    <ClCompile Include="Source\AIComponentPatroling.cpp" />
  </ItemGroup>
  <ItemGroup>
    <ClInclude Include="Source\Engine.h" />
    <ClInclude Include="Source\Input.h" />
    <ClInclude Include="Source\Component.h" />
    <ClInclude Include="Source\GameObject.h" />
    <ClInclude Include="Source\Textures.h" />
    <ClInclude Include="Source\SpriteComponent.h" />
    <ClInclude Include="Source\ComponentFactory.h" />
    <ClInclude Include="Source\BodyComponent.h" />
    <ClInclude Include="Source\ControllerComponent.h" />
    <ClInclude Include="Source\SuperSpeedComponent.h" />
    <ClInclude Include="Source\JumpComponent.h" />
    <ClInclude Include="Source\View.h" />
    <ClInclude Include="Source\CameraFollowerComponent.h" />
    <ClInclude Include="Source\DamageComponent.h" />
    <ClInclude Include="Source\spawnComponent.h" />
    <ClInclude Include="Source\AIComponentPatroling.h" />
  </ItemGroup>
</Project>